
Microsoft Visual Studio Solution File, Format Version 12.00
# Visual Studio Version 17
VisualStudioVersion = 17.4.33110.190
MinimumVisualStudioVersion = 10.0.40219.1
Project("{9A19103F-16F7-4668-BE54-9A1E7A4F7556}") = "ShoppingCart.Api", "ShoppingCart.Api\ShoppingCart.Api.csproj", "{8855B58A-9B56-44F9-A19F-54569F4D5A33}"
EndProject
Project("{FAE04EC0-301F-11D3-BF4B-00C04F79EFBC}") = "ShoppingCart.Domain", "ShoppingCart.Domain\ShoppingCart.Domain.csproj", "{26337F08-2645-4891-B347-732632FDD2C1}"
EndProject
Project("{FAE04EC0-301F-11D3-BF4B-00C04F79EFBC}") = "ShoppingCart.Application", "ShoppingCart.Application\ShoppingCart.Application.csproj", "{3F81252B-3091-4310-B445-0CDA6AA921C7}"
EndProject
Project("{FAE04EC0-301F-11D3-BF4B-00C04F79EFBC}") = "ShoppingCart.Infrastructure", "ShoppingCart.Infrastructure\ShoppingCart.Infrastructure.csproj", "{D812A3F6-3FE9-4130-BCA2-DF5D22AE3813}"
EndProject
Global
	GlobalSection(SolutionConfigurationPlatforms) = preSolution
		Debug|Any CPU = Debug|Any CPU
		Release|Any CPU = Release|Any CPU
	EndGlobalSection
	GlobalSection(ProjectConfigurationPlatforms) = postSolution
		{8855B58A-9B56-44F9-A19F-54569F4D5A33}.Debug|Any CPU.ActiveCfg = Debug|Any CPU
		{8855B58A-9B56-44F9-A19F-54569F4D5A33}.Debug|Any CPU.Build.0 = Debug|Any CPU
		{8855B58A-9B56-44F9-A19F-54569F4D5A33}.Release|Any CPU.ActiveCfg = Release|Any CPU
		{8855B58A-9B56-44F9-A19F-54569F4D5A33}.Release|Any CPU.Build.0 = Release|Any CPU
		{26337F08-2645-4891-B347-732632FDD2C1}.Debug|Any CPU.ActiveCfg = Debug|Any CPU
		{26337F08-2645-4891-B347-732632FDD2C1}.Debug|Any CPU.Build.0 = Debug|Any CPU
		{26337F08-2645-4891-B347-732632FDD2C1}.Release|Any CPU.ActiveCfg = Release|Any CPU
		{26337F08-2645-4891-B347-732632FDD2C1}.Release|Any CPU.Build.0 = Release|Any CPU
		{3F81252B-3091-4310-B445-0CDA6AA921C7}.Debug|Any CPU.ActiveCfg = Debug|Any CPU
		{3F81252B-3091-4310-B445-0CDA6AA921C7}.Debug|Any CPU.Build.0 = Debug|Any CPU
		{3F81252B-3091-4310-B445-0CDA6AA921C7}.Release|Any CPU.ActiveCfg = Release|Any CPU
		{3F81252B-3091-4310-B445-0CDA6AA921C7}.Release|Any CPU.Build.0 = Release|Any CPU
		{D812A3F6-3FE9-4130-BCA2-DF5D22AE3813}.Debug|Any CPU.ActiveCfg = Debug|Any CPU
		{D812A3F6-3FE9-4130-BCA2-DF5D22AE3813}.Debug|Any CPU.Build.0 = Debug|Any CPU
		{D812A3F6-3FE9-4130-BCA2-DF5D22AE3813}.Release|Any CPU.ActiveCfg = Release|Any CPU
		{D812A3F6-3FE9-4130-BCA2-DF5D22AE3813}.Release|Any CPU.Build.0 = Release|Any CPU
	EndGlobalSection
	GlobalSection(SolutionProperties) = preSolution
		HideSolutionNode = FALSE
	EndGlobalSection
	GlobalSection(ExtensibilityGlobals) = postSolution
		SolutionGuid = {19B1AC14-F8D7-44FD-A565-A0C0B474115E}
	EndGlobalSection
EndGlobal
